
Microsoft Visual Studio Solution File, Format Version 12.00
# Visual Studio Version 17
VisualStudioVersion = 17.6.33723.286
MinimumVisualStudioVersion = 10.0.40219.1
Project("{FAE04EC0-301F-11D3-BF4B-00C04F79EFBC}") = "SFERA", "SFERA\SFERA.csproj", "{4EA4313E-6FFF-4CF3-965D-7864D488D5AA}"
EndProject
Global
	GlobalSection(SolutionConfigurationPlatforms) = preSolution
		Debug|Any CPU = Debug|Any CPU
		Release|Any CPU = Release|Any CPU
	EndGlobalSection
	GlobalSection(ProjectConfigurationPlatforms) = postSolution
		{4EA4313E-6FFF-4CF3-965D-7864D488D5AA}.Debug|Any CPU.ActiveCfg = Debug|Any CPU
		{4EA4313E-6FFF-4CF3-965D-7864D488D5AA}.Debug|Any CPU.Build.0 = Debug|Any CPU
		{4EA4313E-6FFF-4CF3-965D-7864D488D5AA}.Release|Any CPU.ActiveCfg = Release|Any CPU
		{4EA4313E-6FFF-4CF3-965D-7864D488D5AA}.Release|Any CPU.Build.0 = Release|Any CPU
	EndGlobalSection
	GlobalSection(SolutionProperties) = preSolution
		HideSolutionNode = FALSE
	EndGlobalSection
	GlobalSection(ExtensibilityGlobals) = postSolution
		SolutionGuid = {941FD982-808C-493C-B121-FF18A56D5421}
	EndGlobalSection
EndGlobal
